// !$*UTF8*$!
{
	archiveVersion = 1;
	classes = {
	};
	objectVersion = 46;
	objects = {

/* Begin PBXBuildFile section */
		6820D3521F631252009ED482 /* AppDelegate.swift in Sources */ = {isa = PBXBuildFile; fileRef = 6820D3511F631252009ED482 /* AppDelegate.swift */; };
		6820D3541F631252009ED482 /* ExploreController.swift in Sources */ = {isa = PBXBuildFile; fileRef = 6820D3531F631252009ED482 /* ExploreController.swift */; };
		6820D3571F631253009ED482 /* Main.storyboard in Resources */ = {isa = PBXBuildFile; fileRef = 6820D3551F631253009ED482 /* Main.storyboard */; };
		6820D3591F631253009ED482 /* Assets.xcassets in Resources */ = {isa = PBXBuildFile; fileRef = 6820D3581F631253009ED482 /* Assets.xcassets */; };
		6820D35C1F631253009ED482 /* LaunchScreen.storyboard in Resources */ = {isa = PBXBuildFile; fileRef = 6820D35A1F631253009ED482 /* LaunchScreen.storyboard */; };
		6820D3641F631743009ED482 /* Helpers.swift in Sources */ = {isa = PBXBuildFile; fileRef = 6820D3631F631743009ED482 /* Helpers.swift */; };
/* End PBXBuildFile section */

/* Begin PBXFileReference section */
		6820D34E1F631252009ED482 /* PhotoList.app */ = {isa = PBXFileReference; explicitFileType = wrapper.application; includeInIndex = 0; path = PhotoList.app; sourceTree = BUILT_PRODUCTS_DIR; };
		6820D3511F631252009ED482 /* AppDelegate.swift */ = {isa = PBXFileReference; lastKnownFileType = sourcecode.swift; path = AppDelegate.swift; sourceTree = "<group>"; };
		6820D3531F631252009ED482 /* ExploreController.swift */ = {isa = PBXFileReference; lastKnownFileType = sourcecode.swift; path = ExploreController.swift; sourceTree = "<group>"; };
		6820D3561F631253009ED482 /* Base */ = {isa = PBXFileReference; lastKnownFileType = file.storyboard; name = Base; path = Base.lproj/Main.storyboard; sourceTree = "<group>"; };
		6820D3581F631253009ED482 /* Assets.xcassets */ = {isa = PBXFileReference; lastKnownFileType = folder.assetcatalog; path = Assets.xcassets; sourceTree = "<group>"; };
		6820D35B1F631253009ED482 /* Base */ = {isa = PBXFileReference; lastKnownFileType = file.storyboard; name = Base; path = Base.lproj/LaunchScreen.storyboard; sourceTree = "<group>"; };
		6820D35D1F631253009ED482 /* Info.plist */ = {isa = PBXFileReference; lastKnownFileType = text.plist.xml; path = Info.plist; sourceTree = "<group>"; };
		6820D3631F631743009ED482 /* Helpers.swift */ = {isa = PBXFileReference; fileEncoding = 4; lastKnownFileType = sourcecode.swift; path = Helpers.swift; sourceTree = "<group>"; };
/* End PBXFileReference section */

/* Begin PBXFrameworksBuildPhase section */
		6820D34B1F631251009ED482 /* Frameworks */ = {
			isa = PBXFrameworksBuildPhase;
			buildActionMask = 2147483647;
			files = (
			);
			runOnlyForDeploymentPostprocessing = 0;
		};
/* End PBXFrameworksBuildPhase section */

/* Begin PBXGroup section */
		6820D3451F631251009ED482 = {
			isa = PBXGroup;
			children = (
				6820D3501F631252009ED482 /* PhotoList */,
				6820D34F1F631252009ED482 /* Products */,
			);
			sourceTree = "<group>";
		};
		6820D34F1F631252009ED482 /* Products */ = {
			isa = PBXGroup;
			children = (
				6820D34E1F631252009ED482 /* PhotoList.app */,
			);
			name = Products;
			sourceTree = "<group>";
		};
		6820D3501F631252009ED482 /* PhotoList */ = {
			isa = PBXGroup;
			children = (
				6820D3511F631252009ED482 /* AppDelegate.swift */,
				6820D3531F631252009ED482 /* ExploreController.swift */,
				6820D3551F631253009ED482 /* Main.storyboard */,
				6820D3581F631253009ED482 /* Assets.xcassets */,
				6820D35A1F631253009ED482 /* LaunchScreen.storyboard */,
				6820D35D1F631253009ED482 /* Info.plist */,
				6820D3631F631743009ED482 /* Helpers.swift */,
			);
			path = PhotoList;
			sourceTree = "<group>";
		};
/* End PBXGroup section */

/* Begin PBXNativeTarget section */
		6820D34D1F631251009ED482 /* PhotoList */ = {
			isa = PBXNativeTarget;
			buildConfigurationList = 6820D3601F631253009ED482 /* Build configuration list for PBXNativeTarget "PhotoList" */;
			buildPhases = (
				6820D34A1F631251009ED482 /* Sources */,
				6820D34B1F631251009ED482 /* Frameworks */,
				6820D34C1F631251009ED482 /* Resources */,
			);
			buildRules = (
			);
			dependencies = (
			);
			name = PhotoList;
			productName = PhotoList;
			productReference = 6820D34E1F631252009ED482 /* PhotoList.app */;
			productType = "com.apple.product-type.application";
		};
/* End PBXNativeTarget section */

/* Begin PBXProject section */
		6820D3461F631251009ED482 /* Project object */ = {
			isa = PBXProject;
			attributes = {
				LastSwiftUpdateCheck = 0820;
				LastUpgradeCheck = 0820;
				ORGANIZATIONNAME = Tacto;
				TargetAttributes = {
					6820D34D1F631251009ED482 = {
						CreatedOnToolsVersion = 8.2.1;
						DevelopmentTeam = JFR6BQT7A8;
						ProvisioningStyle = Automatic;
					};
				};
			};
			buildConfigurationList = 6820D3491F631251009ED482 /* Build configuration list for PBXProject "PhotoList" */;
			compatibilityVersion = "Xcode 3.2";
			developmentRegion = English;
			hasScannedForEncodings = 0;
			knownRegions = (
				en,
				Base,
			);
			mainGroup = 6820D3451F631251009ED482;
			productRefGroup = 6820D34F1F631252009ED482 /* Products */;
			projectDirPath = "";
			projectRoot = "";
			targets = (
				6820D34D1F631251009ED482 /* PhotoList */,
			);
		};
/* End PBXProject section */

/* Begin PBXResourcesBuildPhase section */
		6820D34C1F631251009ED482 /* Resources */ = {
			isa = PBXResourcesBuildPhase;
			buildActionMask = 2147483647;
			files = (
				6820D35C1F631253009ED482 /* LaunchScreen.storyboard in Resources */,
				6820D3591F631253009ED482 /* Assets.xcassets in Resources */,
				6820D3571F631253009ED482 /* Main.storyboard in Resources */,
			);
			runOnlyForDeploymentPostprocessing = 0;
		};
/* End PBXResourcesBuildPhase section */

/* Begin PBXSourcesBuildPhase section */
		6820D34A1F631251009ED482 /* Sources */ = {
			isa = PBXSourcesBuildPhase;
			buildActionMask = 2147483647;
			files = (
				6820D3541F631252009ED482 /* ExploreController.swift in Sources */,
				6820D3641F631743009ED482 /* Helpers.swift in Sources */,
				6820D3521F631252009ED482 /* AppDelegate.swift in Sources */,
			);
			runOnlyForDeploymentPostprocessing = 0;
		};
/* End PBXSourcesBuildPhase section */

/* Begin PBXVariantGroup section */
		6820D3551F631253009ED482 /* Main.storyboard */ = {
			isa = PBXVariantGroup;
			children = (
				6820D3561F631253009ED482 /* Base */,
			);
			name = Main.storyboard;
			sourceTree = "<group>";
		};
		6820D35A1F631253009ED482 /* LaunchScreen.storyboard */ = {
			isa = PBXVariantGroup;
			children = (
				6820D35B1F631253009ED482 /* Base */,
			);
			name = LaunchScreen.storyboard;
			sourceTree = "<group>";
		};
/* End PBXVariantGroup section */

/* Begin XCBuildConfiguration section */
		6820D35E1F631253009ED482 /* Debug */ = {
			isa = XCBuildConfiguration;
			buildSettings = {
				ALWAYS_SEARCH_USER_PATHS = NO;
				CLANG_ANALYZER_NONNULL = YES;
				CLANG_CXX_LANGUAGE_STANDARD = "gnu++0x";
				CLANG_CXX_LIBRARY = "libc++";
				CLANG_ENABLE_MODULES = YES;
				CLANG_ENABLE_OBJC_ARC = YES;
				CLANG_WARN_BOOL_CONVERSION = YES;
				CLANG_WARN_CONSTANT_CONVERSION = YES;
				CLANG_WARN_DIRECT_OBJC_ISA_USAGE = YES_ERROR;
				CLANG_WARN_DOCUMENTATION_COMMENTS = YES;
				CLANG_WARN_EMPTY_BODY = YES;
				CLANG_WARN_ENUM_CONVERSION = YES;
				CLANG_WARN_INFINITE_RECURSION = YES;
				CLANG_WARN_INT_CONVERSION = YES;
				CLANG_WARN_OBJC_ROOT_CLASS = YES_ERROR;
				CLANG_WARN_SUSPICIOUS_MOVE = YES;
				CLANG_WARN_UNREACHABLE_CODE = YES;
				CLANG_WARN__DUPLICATE_METHOD_MATCH = YES;
				"CODE_SIGN_IDENTITY[sdk=iphoneos*]" = "iPhone Developer";
				COPY_PHASE_STRIP = NO;
				DEBUG_INFORMATION_FORMAT = dwarf;
				ENABLE_STRICT_OBJC_MSGSEND = YES;
				ENABLE_TESTABILITY = YES;
				GCC_C_LANGUAGE_STANDARD = gnu99;
				GCC_DYNAMIC_NO_PIC = NO;
				GCC_NO_COMMON_BLOCKS = YES;
				GCC_OPTIMIZATION_LEVEL = 0;
				GCC_PREPROCESSOR_DEFINITIONS = (
					"DEBUG=1",
					"$(inherited)",
				);
				GCC_WARN_64_TO_32_BIT_CONVERSION = YES;
				GCC_WARN_ABOUT_RETURN_TYPE = YES_ERROR;
				GCC_WARN_UNDECLARED_SELECTOR = YES;
				GCC_WARN_UNINITIALIZED_AUTOS = YES_AGGRESSIVE;
				GCC_WARN_UNUSED_FUNCTION = YES;
				GCC_WARN_UNUSED_VARIABLE = YES;
				IPHONEOS_DEPLOYMENT_TARGET = 10.2;
				MTL_ENABLE_DEBUG_INFO = YES;
				ONLY_ACTIVE_ARCH = YES;
				SDKROOT = iphoneos;
				SWIFT_ACTIVE_COMPILATION_CONDITIONS = DEBUG;
				SWIFT_OPTIMIZATION_LEVEL = "-Onone";
			};
			name = Debug;
		};
		6820D35F1F631253009ED482 /* Release */ = {
			isa = XCBuildConfiguration;
			buildSettings = {
				ALWAYS_SEARCH_USER_PATHS = NO;
				CLANG_ANALYZER_NONNULL = YES;
				CLANG_CXX_LANGUAGE_STANDARD = "gnu++0x";
				CLANG_CXX_LIBRARY = "libc++";
				CLANG_ENABLE_MODULES = YES;
				CLANG_ENABLE_OBJC_ARC = YES;
				CLANG_WARN_BOOL_CONVERSION = YES;
				CLANG_WARN_CONSTANT_CONVERSION = YES;
				CLANG_WARN_DIRECT_OBJC_ISA_USAGE = YES_ERROR;
				CLANG_WARN_DOCUMENTATION_COMMENTS = YES;
				CLANG_WARN_EMPTY_BODY = YES;
				CLANG_WARN_ENUM_CONVERSION = YES;
				CLANG_WARN_INFINITE_RECURSION = YES;
				CLANG_WARN_INT_CONVERSION = YES;
				CLANG_WARN_OBJC_ROOT_CLASS = YES_ERROR;
				CLANG_WARN_SUSPICIOUS_MOVE = YES;
				CLANG_WARN_UNREACHABLE_CODE = YES;
				CLANG_WARN__DUPLICATE_METHOD_MATCH = YES;
				"CODE_SIGN_IDENTITY[sdk=iphoneos*]" = "iPhone Developer";
				COPY_PHASE_STRIP = NO;
				DEBUG_INFORMATION_FORMAT = "dwarf-with-dsym";
				ENABLE_NS_ASSERTIONS = NO;
				ENABLE_STRICT_OBJC_MSGSEND = YES;
				GCC_C_LANGUAGE_STANDARD = gnu99;
				GCC_NO_COMMON_BLOCKS = YES;
				GCC_WARN_64_TO_32_BIT_CONVERSION = YES;
				GCC_WARN_ABOUT_RETURN_TYPE = YES_ERROR;
				GCC_WARN_UNDECLARED_SELECTOR = YES;
				GCC_WARN_UNINITIALIZED_AUTOS = YES_AGGRESSIVE;
				GCC_WARN_UNUSED_FUNCTION = YES;
				GCC_WARN_UNUSED_VARIABLE = YES;
				IPHONEOS_DEPLOYMENT_TARGET = 10.2;
				MTL_ENABLE_DEBUG_INFO = NO;
				SDKROOT = iphoneos;
				SWIFT_OPTIMIZATION_LEVEL = "-Owholemodule";
				VALIDATE_PRODUCT = YES;
			};
			name = Release;
		};
		6820D3611F631253009ED482 /* Debug */ = {
			isa = XCBuildConfiguration;
			buildSettings = {
				ASSETCATALOG_COMPILER_APPICON_NAME = AppIcon;
				DEVELOPMENT_TEAM = JFR6BQT7A8;
				INFOPLIST_FILE = PhotoList/Info.plist;
				LD_RUNPATH_SEARCH_PATHS = "$(inherited) @executable_path/Frameworks";
				PRODUCT_BUNDLE_IDENTIFIER = com.tacto.PhotoList;
				PRODUCT_NAME = "$(TARGET_NAME)";
				SWIFT_VERSION = 3.0;
			};
			name = Debug;
		};
		6820D3621F631253009ED482 /* Release */ = {
			isa = XCBuildConfiguration;
			buildSettings = {
				ASSETCATALOG_COMPILER_APPICON_NAME = AppIcon;
				DEVELOPMENT_TEAM = JFR6BQT7A8;
				INFOPLIST_FILE = PhotoList/Info.plist;
				LD_RUNPATH_SEARCH_PATHS = "$(inherited) @executable_path/Frameworks";
				PRODUCT_BUNDLE_IDENTIFIER = com.tacto.PhotoList;
				PRODUCT_NAME = "$(TARGET_NAME)";
				SWIFT_VERSION = 3.0;
			};
			name = Release;
		};
/* End XCBuildConfiguration section */

/* Begin XCConfigurationList section */
		6820D3491F631251009ED482 /* Build configuration list for PBXProject "PhotoList" */ = {
			isa = XCConfigurationList;
			buildConfigurations = (
				6820D35E1F631253009ED482 /* Debug */,
				6820D35F1F631253009ED482 /* Release */,
			);
			defaultConfigurationIsVisible = 0;
			defaultConfigurationName = Release;
		};
		6820D3601F631253009ED482 /* Build configuration list for PBXNativeTarget "PhotoList" */ = {
			isa = XCConfigurationList;
			buildConfigurations = (
				6820D3611F631253009ED482 /* Debug */,
				6820D3621F631253009ED482 /* Release */,
			);
			defaultConfigurationIsVisible = 0;
		};
/* End XCConfigurationList section */
	};
	rootObject = 6820D3461F631251009ED482 /* Project object */;
}
